PODS:
  - Flutter (1.0.0)
  - llama_mobile_vd (0.0.1):
    - Flutter

DEPENDENCIES:
  - Flutter (from `Flutter`)
  - llama_mobile_vd (from `.symlinks/plugins/llama_mobile_vd/ios`)

EXTERNAL SOURCES:
  Flutter:
    :path: Flutter
  llama_mobile_vd:
    :path: ".symlinks/plugins/llama_mobile_vd/ios"

SPEC CHECKSUMS:
  Flutter: cabc95a1d2626b1b06e7179b784ebcf0c0cde467
  llama_mobile_vd: cecfd83e1ace91da13ec37c5563a0f7ce35d09d2

PODFILE CHECKSUM: 3c63482e143d1b91d2d2560aee9fb04ecc74ac7e

COCOAPODS: 1.16.2
