PODS:
  - Flutter (1.0.0)
  - llama_mobile_vd_flutter_sdk (0.0.1):
    - Flutter

DEPENDENCIES:
  - Flutter (from `Flutter`)
  - llama_mobile_vd_flutter_sdk (from `.symlinks/plugins/llama_mobile_vd_flutter_sdk/ios`)

EXTERNAL SOURCES:
  Flutter:
    :path: Flutter
  llama_mobile_vd_flutter_sdk:
    :path: ".symlinks/plugins/llama_mobile_vd_flutter_sdk/ios"

SPEC CHECKSUMS:
  Flutter: cabc95a1d2626b1b06e7179b784ebcf0c0cde467
  llama_mobile_vd_flutter_sdk: 2cbd9b6764be23ea2eb9295b0a2917a00ea54501

PODFILE CHECKSUM: 3c63482e143d1b91d2d2560aee9fb04ecc74ac7e

COCOAPODS: 1.16.2
